
Microsoft Visual Studio Solution File, Format Version 12.00
# Visual Studio Version 16
VisualStudioVersion = 16.0.30517.126
MinimumVisualStudioVersion = 10.0.40219.1
Project("{FAE04EC0-301F-11D3-BF4B-00C04F79EFBC}") = "ProjectCrudMvc", "ProjectCrudMvc\ProjectCrudMvc.csproj", "{64BE9CCB-A497-4CA2-95B6-3D16CA7D7F72}"
EndProject
Global
	GlobalSection(SolutionConfigurationPlatforms) = preSolution
		Debug|Any CPU = Debug|Any CPU
		Release|Any CPU = Release|Any CPU
	EndGlobalSection
	GlobalSection(ProjectConfigurationPlatforms) = postSolution
		{64BE9CCB-A497-4CA2-95B6-3D16CA7D7F72}.Debug|Any CPU.ActiveCfg = Debug|Any CPU
		{64BE9CCB-A497-4CA2-95B6-3D16CA7D7F72}.Debug|Any CPU.Build.0 = Debug|Any CPU
		{64BE9CCB-A497-4CA2-95B6-3D16CA7D7F72}.Release|Any CPU.ActiveCfg = Release|Any CPU
		{64BE9CCB-A497-4CA2-95B6-3D16CA7D7F72}.Release|Any CPU.Build.0 = Release|Any CPU
	EndGlobalSection
	GlobalSection(SolutionProperties) = preSolution
		HideSolutionNode = FALSE
	EndGlobalSection
	GlobalSection(ExtensibilityGlobals) = postSolution
		SolutionGuid = {339C4100-C902-45FF-909B-FE325D805364}
	EndGlobalSection
EndGlobal
